
Microsoft Visual Studio Solution File, Format Version 12.00
# Visual Studio Version 17
VisualStudioVersion = 17.4.33205.214
MinimumVisualStudioVersion = 10.0.40219.1
Project("{FAE04EC0-301F-11D3-BF4B-00C04F79EFBC}") = "XML homework 06.03.2023", "XML homework 06.03.2023.csproj", "{C94CBEDC-B836-4D2D-B43E-A5DE178E4ACF}"
EndProject
Global
	GlobalSection(SolutionConfigurationPlatforms) = preSolution
		Debug|Any CPU = Debug|Any CPU
		Release|Any CPU = Release|Any CPU
	EndGlobalSection
	GlobalSection(ProjectConfigurationPlatforms) = postSolution
		{C94CBEDC-B836-4D2D-B43E-A5DE178E4ACF}.Debug|Any CPU.ActiveCfg = Debug|Any CPU
		{C94CBEDC-B836-4D2D-B43E-A5DE178E4ACF}.Debug|Any CPU.Build.0 = Debug|Any CPU
		{C94CBEDC-B836-4D2D-B43E-A5DE178E4ACF}.Release|Any CPU.ActiveCfg = Release|Any CPU
		{C94CBEDC-B836-4D2D-B43E-A5DE178E4ACF}.Release|Any CPU.Build.0 = Release|Any CPU
	EndGlobalSection
	GlobalSection(SolutionProperties) = preSolution
		HideSolutionNode = FALSE
	EndGlobalSection
	GlobalSection(ExtensibilityGlobals) = postSolution
		SolutionGuid = {0EE7DF98-3646-4191-A57E-E03996440E06}
	EndGlobalSection
EndGlobal
